
Microsoft Visual Studio Solution File, Format Version 12.00
# Visual Studio 2013
VisualStudioVersion = 12.0.21005.1
MinimumVisualStudioVersion = 10.0.40219.1
Project("{FAE04EC0-301F-11D3-BF4B-00C04F79EFBC}") = "bataille_navale", "bataille_navale\bataille_navale.csproj", "{F3C35952-61A0-40F7-BD7F-D7D91037D600}"
EndProject
Project("{FAE04EC0-301F-11D3-BF4B-00C04F79EFBC}") = "GameElement", "GameElement\GameElement.csproj", "{C4F389C2-0B56-47FC-B568-12C6A323447D}"
EndProject
Global
	GlobalSection(SolutionConfigurationPlatforms) = preSolution
		Debug|Any CPU = Debug|Any CPU
		Release|Any CPU = Release|Any CPU
	EndGlobalSection
	GlobalSection(ProjectConfigurationPlatforms) = postSolution
		{F3C35952-61A0-40F7-BD7F-D7D91037D600}.Debug|Any CPU.ActiveCfg = Debug|Any CPU
		{F3C35952-61A0-40F7-BD7F-D7D91037D600}.Debug|Any CPU.Build.0 = Debug|Any CPU
		{F3C35952-61A0-40F7-BD7F-D7D91037D600}.Release|Any CPU.ActiveCfg = Release|Any CPU
		{F3C35952-61A0-40F7-BD7F-D7D91037D600}.Release|Any CPU.Build.0 = Release|Any CPU
		{C4F389C2-0B56-47FC-B568-12C6A323447D}.Debug|Any CPU.ActiveCfg = Debug|Any CPU
		{C4F389C2-0B56-47FC-B568-12C6A323447D}.Debug|Any CPU.Build.0 = Debug|Any CPU
		{C4F389C2-0B56-47FC-B568-12C6A323447D}.Release|Any CPU.ActiveCfg = Release|Any CPU
		{C4F389C2-0B56-47FC-B568-12C6A323447D}.Release|Any CPU.Build.0 = Release|Any CPU
	EndGlobalSection
	GlobalSection(SolutionProperties) = preSolution
		HideSolutionNode = FALSE
	EndGlobalSection
EndGlobal
